
Microsoft Visual Studio Solution File, Format Version 12.00
# Visual Studio Version 17
VisualStudioVersion = 17.5.33516.290
MinimumVisualStudioVersion = 10.0.40219.1
Project("{2150E333-8FDC-42A3-9474-1A3956D46DE8}") = "src", "src", "{8118A572-76F4-47EA-ADF2-5878E03655F5}"
EndProject
Project("{9A19103F-16F7-4668-BE54-9A1E7A4F7556}") = "Axess.Domain", "src\DotNetCore.Axess\Domain\Axess.Domain\Axess.Domain.csproj", "{517E2866-FD90-49DB-9789-648A91475B1C}"
EndProject
Project("{9A19103F-16F7-4668-BE54-9A1E7A4F7556}") = "Axess.Infrastructure", "src\DotNetCore.Axess\Infrastructure\Axess.Infrastructure\Axess.Infrastructure.csproj", "{38A62247-84AA-4BD1-B28F-2DC28036E0F5}"
EndProject
Project("{9A19103F-16F7-4668-BE54-9A1E7A4F7556}") = "Axess.Shared", "src\DotNetCore.Axess\Shared\Axess.Shared\Axess.Shared.csproj", "{43B0051C-9B04-4808-84A4-3C987433671B}"
EndProject
Project("{9A19103F-16F7-4668-BE54-9A1E7A4F7556}") = "Axess.Api", "src\ODataMappingApi\ODataMappingApi\Axess.Api.csproj", "{E4363F7E-93D3-4DFC-9D3F-1C3D9FC9503E}"
EndProject
Project("{9A19103F-16F7-4668-BE54-9A1E7A4F7556}") = "Axess.Application", "src\DotNetCore.Axess\Application\Axess.Application\Axess.Application.csproj", "{7F2B3234-FB9E-43FD-B797-38070810F3BF}"
EndProject
Project("{2150E333-8FDC-42A3-9474-1A3956D46DE8}") = "BuildingBlocks", "BuildingBlocks", "{BE79B91A-6E17-4A68-A733-372019441229}"
EndProject
Project("{2150E333-8FDC-42A3-9474-1A3956D46DE8}") = "Shared", "Shared", "{B61A160A-94F1-4212-BC2C-D56D156C7121}"
EndProject
Project("{2150E333-8FDC-42A3-9474-1A3956D46DE8}") = "Common", "Common", "{5B49949F-4002-4C8D-8BD7-5871D45C157F}"
EndProject
Project("{FAE04EC0-301F-11D3-BF4B-00C04F79EFBC}") = "Axess.Common.Application", "src\DotNetCore.Axess\Common\Axess.Common.Application\Axess.Common.Application.csproj", "{8B00C7D8-57B7-4D51-B038-396A6F3C86D5}"
EndProject
Project("{FAE04EC0-301F-11D3-BF4B-00C04F79EFBC}") = "Axess.Common.Domain", "src\DotNetCore.Axess\Common\Axess.Common.Domain\Axess.Common.Domain.csproj", "{7152AFA8-C118-4186-9E22-C6834E970F91}"
EndProject
Global
	GlobalSection(SolutionConfigurationPlatforms) = preSolution
		Debug|Any CPU = Debug|Any CPU
		Release|Any CPU = Release|Any CPU
	EndGlobalSection
	GlobalSection(ProjectConfigurationPlatforms) = postSolution
		{517E2866-FD90-49DB-9789-648A91475B1C}.Debug|Any CPU.ActiveCfg = Debug|Any CPU
		{517E2866-FD90-49DB-9789-648A91475B1C}.Debug|Any CPU.Build.0 = Debug|Any CPU
		{517E2866-FD90-49DB-9789-648A91475B1C}.Release|Any CPU.ActiveCfg = Release|Any CPU
		{517E2866-FD90-49DB-9789-648A91475B1C}.Release|Any CPU.Build.0 = Release|Any CPU
		{38A62247-84AA-4BD1-B28F-2DC28036E0F5}.Debug|Any CPU.ActiveCfg = Debug|Any CPU
		{38A62247-84AA-4BD1-B28F-2DC28036E0F5}.Debug|Any CPU.Build.0 = Debug|Any CPU
		{38A62247-84AA-4BD1-B28F-2DC28036E0F5}.Release|Any CPU.ActiveCfg = Release|Any CPU
		{38A62247-84AA-4BD1-B28F-2DC28036E0F5}.Release|Any CPU.Build.0 = Release|Any CPU
		{43B0051C-9B04-4808-84A4-3C987433671B}.Debug|Any CPU.ActiveCfg = Debug|Any CPU
		{43B0051C-9B04-4808-84A4-3C987433671B}.Debug|Any CPU.Build.0 = Debug|Any CPU
		{43B0051C-9B04-4808-84A4-3C987433671B}.Release|Any CPU.ActiveCfg = Release|Any CPU
		{43B0051C-9B04-4808-84A4-3C987433671B}.Release|Any CPU.Build.0 = Release|Any CPU
		{E4363F7E-93D3-4DFC-9D3F-1C3D9FC9503E}.Debug|Any CPU.ActiveCfg = Debug|Any CPU
		{E4363F7E-93D3-4DFC-9D3F-1C3D9FC9503E}.Debug|Any CPU.Build.0 = Debug|Any CPU
		{E4363F7E-93D3-4DFC-9D3F-1C3D9FC9503E}.Release|Any CPU.ActiveCfg = Release|Any CPU
		{E4363F7E-93D3-4DFC-9D3F-1C3D9FC9503E}.Release|Any CPU.Build.0 = Release|Any CPU
		{7F2B3234-FB9E-43FD-B797-38070810F3BF}.Debug|Any CPU.ActiveCfg = Debug|Any CPU
		{7F2B3234-FB9E-43FD-B797-38070810F3BF}.Debug|Any CPU.Build.0 = Debug|Any CPU
		{7F2B3234-FB9E-43FD-B797-38070810F3BF}.Release|Any CPU.ActiveCfg = Release|Any CPU
		{7F2B3234-FB9E-43FD-B797-38070810F3BF}.Release|Any CPU.Build.0 = Release|Any CPU
		{8B00C7D8-57B7-4D51-B038-396A6F3C86D5}.Debug|Any CPU.ActiveCfg = Debug|Any CPU
		{8B00C7D8-57B7-4D51-B038-396A6F3C86D5}.Debug|Any CPU.Build.0 = Debug|Any CPU
		{8B00C7D8-57B7-4D51-B038-396A6F3C86D5}.Release|Any CPU.ActiveCfg = Release|Any CPU
		{8B00C7D8-57B7-4D51-B038-396A6F3C86D5}.Release|Any CPU.Build.0 = Release|Any CPU
		{7152AFA8-C118-4186-9E22-C6834E970F91}.Debug|Any CPU.ActiveCfg = Debug|Any CPU
		{7152AFA8-C118-4186-9E22-C6834E970F91}.Debug|Any CPU.Build.0 = Debug|Any CPU
		{7152AFA8-C118-4186-9E22-C6834E970F91}.Release|Any CPU.ActiveCfg = Release|Any CPU
		{7152AFA8-C118-4186-9E22-C6834E970F91}.Release|Any CPU.Build.0 = Release|Any CPU
	EndGlobalSection
	GlobalSection(SolutionProperties) = preSolution
		HideSolutionNode = FALSE
	EndGlobalSection
	GlobalSection(NestedProjects) = preSolution
		{517E2866-FD90-49DB-9789-648A91475B1C} = {8118A572-76F4-47EA-ADF2-5878E03655F5}
		{38A62247-84AA-4BD1-B28F-2DC28036E0F5} = {8118A572-76F4-47EA-ADF2-5878E03655F5}
		{43B0051C-9B04-4808-84A4-3C987433671B} = {B61A160A-94F1-4212-BC2C-D56D156C7121}
		{E4363F7E-93D3-4DFC-9D3F-1C3D9FC9503E} = {8118A572-76F4-47EA-ADF2-5878E03655F5}
		{7F2B3234-FB9E-43FD-B797-38070810F3BF} = {8118A572-76F4-47EA-ADF2-5878E03655F5}
		{BE79B91A-6E17-4A68-A733-372019441229} = {8118A572-76F4-47EA-ADF2-5878E03655F5}
		{B61A160A-94F1-4212-BC2C-D56D156C7121} = {BE79B91A-6E17-4A68-A733-372019441229}
		{5B49949F-4002-4C8D-8BD7-5871D45C157F} = {BE79B91A-6E17-4A68-A733-372019441229}
		{8B00C7D8-57B7-4D51-B038-396A6F3C86D5} = {5B49949F-4002-4C8D-8BD7-5871D45C157F}
		{7152AFA8-C118-4186-9E22-C6834E970F91} = {5B49949F-4002-4C8D-8BD7-5871D45C157F}
	EndGlobalSection
	GlobalSection(ExtensibilityGlobals) = postSolution
		SolutionGuid = {2D17C3DC-3280-4DB6-9286-6CB3443F51C3}
	EndGlobalSection
EndGlobal
