
Microsoft Visual Studio Solution File, Format Version 12.00
# Visual Studio Version 17
VisualStudioVersion = 17.5.33516.290
MinimumVisualStudioVersion = 10.0.40219.1
Project("{2150E333-8FDC-42A3-9474-1A3956D46DE8}") = "src", "src", "{8118A572-76F4-47EA-ADF2-5878E03655F5}"
EndProject
Project("{9A19103F-16F7-4668-BE54-9A1E7A4F7556}") = "Axess.Domain", "src\DotNetCore.Axess\Domain\Axess.Domain\Axess.Domain.csproj", "{517E2866-FD90-49DB-9789-648A91475B1C}"
EndProject
Project("{9A19103F-16F7-4668-BE54-9A1E7A4F7556}") = "Axess.Infrastructure", "src\DotNetCore.Axess\Infrastructure\Axess.Infrastructure\Axess.Infrastructure.csproj", "{38A62247-84AA-4BD1-B28F-2DC28036E0F5}"
EndProject
Project("{9A19103F-16F7-4668-BE54-9A1E7A4F7556}") = "Axess.Shared", "src\DotNetCore.Axess\Shared\Axess.Shared\Axess.Shared.csproj", "{43B0051C-9B04-4808-84A4-3C987433671B}"
EndProject
Project("{9A19103F-16F7-4668-BE54-9A1E7A4F7556}") = "Axess.Application", "src\DotNetCore.Axess\Application\Axess.Application\Axess.Application.csproj", "{7F2B3234-FB9E-43FD-B797-38070810F3BF}"
EndProject
Project("{2150E333-8FDC-42A3-9474-1A3956D46DE8}") = "BuildingBlocks", "BuildingBlocks", "{B14063FD-58E4-4A71-87BE-09D5B9174C61}"
EndProject
Project("{2150E333-8FDC-42A3-9474-1A3956D46DE8}") = "Common", "Common", "{DA9E78F7-CA68-494D-BD23-9340F9C52BCB}"
EndProject
Project("{2150E333-8FDC-42A3-9474-1A3956D46DE8}") = "Shared", "Shared", "{754C7108-70A3-4AAB-8E42-28E18544E563}"
EndProject
Project("{9A19103F-16F7-4668-BE54-9A1E7A4F7556}") = "Axess.Common.Application", "src\DotNetCore.Axess\Common\Axess.Common.Application\Axess.Common.Application.csproj", "{391ED9B9-8ED4-4FFB-9D40-A26356F8E7F5}"
EndProject
Project("{9A19103F-16F7-4668-BE54-9A1E7A4F7556}") = "Axess.Common.Domain", "src\DotNetCore.Axess\Common\Axess.Common.Domain\Axess.Common.Domain.csproj", "{00513BBA-E447-4B81-9AD1-7DE63E117F38}"
EndProject
Project("{9A19103F-16F7-4668-BE54-9A1E7A4F7556}") = "Axess.Common.Infrastructure", "src\DotNetCore.Axess\Common\Axess.Common.Infrastructure\Axess.Common.Infrastructure.csproj", "{FFFFAB2E-29D2-442B-A606-A113C59F8536}"
EndProject
Project("{9A19103F-16F7-4668-BE54-9A1E7A4F7556}") = "Axess.Api", "src\ODataOpenApiExample\Axess.Api.csproj", "{4FBCFEE7-4772-435B-BA5D-127E311AC9A6}"
EndProject
Project("{2150E333-8FDC-42A3-9474-1A3956D46DE8}") = "Core", "Core", "{F506A4DE-9E27-4D58-A356-F71D905DEC97}"
EndProject
Project("{2150E333-8FDC-42A3-9474-1A3956D46DE8}") = "External", "External", "{7092C372-DEFF-42AC-BE18-EC38C7019012}"
EndProject
Project("{2150E333-8FDC-42A3-9474-1A3956D46DE8}") = "Core", "Core", "{DAE449FB-0C33-425E-898F-990A21151CEB}"
EndProject
Project("{2150E333-8FDC-42A3-9474-1A3956D46DE8}") = "External", "External", "{D7606588-DDFF-4ADB-8C0E-90B3A4A83234}"
EndProject
Project("{2150E333-8FDC-42A3-9474-1A3956D46DE8}") = "Solution Items", "Solution Items", "{5DA697DB-8B45-4933-9DEB-E5E8DE507ED0}"
	ProjectSection(SolutionItems) = preProject
		.editorconfig = .editorconfig
		Directory.Build.props = Directory.Build.props
	EndProjectSection
EndProject
Project("{FAE04EC0-301F-11D3-BF4B-00C04F79EFBC}") = "Axess.Common.Presentation", "src\DotNetCore.Axess\Common\Axess.Common.Presentation\Axess.Common.Presentation.csproj", "{7A3BFF74-09F7-47AA-9374-A2F5087A192F}"
EndProject
Project("{FAE04EC0-301F-11D3-BF4B-00C04F79EFBC}") = "Axess.Presentation", "src\DotNetCore.Axess\Presentation\Axess.Presentation\Axess.Presentation.csproj", "{A34B8616-B42A-43D0-80BF-484C7CBE96B3}"
EndProject
Global
	GlobalSection(SolutionConfigurationPlatforms) = preSolution
		Debug|Any CPU = Debug|Any CPU
		Release|Any CPU = Release|Any CPU
	EndGlobalSection
	GlobalSection(ProjectConfigurationPlatforms) = postSolution
		{517E2866-FD90-49DB-9789-648A91475B1C}.Debug|Any CPU.ActiveCfg = Debug|Any CPU
		{517E2866-FD90-49DB-9789-648A91475B1C}.Debug|Any CPU.Build.0 = Debug|Any CPU
		{517E2866-FD90-49DB-9789-648A91475B1C}.Release|Any CPU.ActiveCfg = Release|Any CPU
		{517E2866-FD90-49DB-9789-648A91475B1C}.Release|Any CPU.Build.0 = Release|Any CPU
		{38A62247-84AA-4BD1-B28F-2DC28036E0F5}.Debug|Any CPU.ActiveCfg = Debug|Any CPU
		{38A62247-84AA-4BD1-B28F-2DC28036E0F5}.Debug|Any CPU.Build.0 = Debug|Any CPU
		{38A62247-84AA-4BD1-B28F-2DC28036E0F5}.Release|Any CPU.ActiveCfg = Release|Any CPU
		{38A62247-84AA-4BD1-B28F-2DC28036E0F5}.Release|Any CPU.Build.0 = Release|Any CPU
		{43B0051C-9B04-4808-84A4-3C987433671B}.Debug|Any CPU.ActiveCfg = Debug|Any CPU
		{43B0051C-9B04-4808-84A4-3C987433671B}.Debug|Any CPU.Build.0 = Debug|Any CPU
		{43B0051C-9B04-4808-84A4-3C987433671B}.Release|Any CPU.ActiveCfg = Release|Any CPU
		{43B0051C-9B04-4808-84A4-3C987433671B}.Release|Any CPU.Build.0 = Release|Any CPU
		{7F2B3234-FB9E-43FD-B797-38070810F3BF}.Debug|Any CPU.ActiveCfg = Debug|Any CPU
		{7F2B3234-FB9E-43FD-B797-38070810F3BF}.Debug|Any CPU.Build.0 = Debug|Any CPU
		{7F2B3234-FB9E-43FD-B797-38070810F3BF}.Release|Any CPU.ActiveCfg = Release|Any CPU
		{7F2B3234-FB9E-43FD-B797-38070810F3BF}.Release|Any CPU.Build.0 = Release|Any CPU
		{391ED9B9-8ED4-4FFB-9D40-A26356F8E7F5}.Debug|Any CPU.ActiveCfg = Debug|Any CPU
		{391ED9B9-8ED4-4FFB-9D40-A26356F8E7F5}.Debug|Any CPU.Build.0 = Debug|Any CPU
		{391ED9B9-8ED4-4FFB-9D40-A26356F8E7F5}.Release|Any CPU.ActiveCfg = Release|Any CPU
		{391ED9B9-8ED4-4FFB-9D40-A26356F8E7F5}.Release|Any CPU.Build.0 = Release|Any CPU
		{00513BBA-E447-4B81-9AD1-7DE63E117F38}.Debug|Any CPU.ActiveCfg = Debug|Any CPU
		{00513BBA-E447-4B81-9AD1-7DE63E117F38}.Debug|Any CPU.Build.0 = Debug|Any CPU
		{00513BBA-E447-4B81-9AD1-7DE63E117F38}.Release|Any CPU.ActiveCfg = Release|Any CPU
		{00513BBA-E447-4B81-9AD1-7DE63E117F38}.Release|Any CPU.Build.0 = Release|Any CPU
		{FFFFAB2E-29D2-442B-A606-A113C59F8536}.Debug|Any CPU.ActiveCfg = Debug|Any CPU
		{FFFFAB2E-29D2-442B-A606-A113C59F8536}.Debug|Any CPU.Build.0 = Debug|Any CPU
		{FFFFAB2E-29D2-442B-A606-A113C59F8536}.Release|Any CPU.ActiveCfg = Release|Any CPU
		{FFFFAB2E-29D2-442B-A606-A113C59F8536}.Release|Any CPU.Build.0 = Release|Any CPU
		{4FBCFEE7-4772-435B-BA5D-127E311AC9A6}.Debug|Any CPU.ActiveCfg = Debug|Any CPU
		{4FBCFEE7-4772-435B-BA5D-127E311AC9A6}.Debug|Any CPU.Build.0 = Debug|Any CPU
		{4FBCFEE7-4772-435B-BA5D-127E311AC9A6}.Release|Any CPU.ActiveCfg = Release|Any CPU
		{4FBCFEE7-4772-435B-BA5D-127E311AC9A6}.Release|Any CPU.Build.0 = Release|Any CPU
		{7A3BFF74-09F7-47AA-9374-A2F5087A192F}.Debug|Any CPU.ActiveCfg = Debug|Any CPU
		{7A3BFF74-09F7-47AA-9374-A2F5087A192F}.Debug|Any CPU.Build.0 = Debug|Any CPU
		{7A3BFF74-09F7-47AA-9374-A2F5087A192F}.Release|Any CPU.ActiveCfg = Release|Any CPU
		{7A3BFF74-09F7-47AA-9374-A2F5087A192F}.Release|Any CPU.Build.0 = Release|Any CPU
		{A34B8616-B42A-43D0-80BF-484C7CBE96B3}.Debug|Any CPU.ActiveCfg = Debug|Any CPU
		{A34B8616-B42A-43D0-80BF-484C7CBE96B3}.Debug|Any CPU.Build.0 = Debug|Any CPU
		{A34B8616-B42A-43D0-80BF-484C7CBE96B3}.Release|Any CPU.ActiveCfg = Release|Any CPU
		{A34B8616-B42A-43D0-80BF-484C7CBE96B3}.Release|Any CPU.Build.0 = Release|Any CPU
	EndGlobalSection
	GlobalSection(SolutionProperties) = preSolution
		HideSolutionNode = FALSE
	EndGlobalSection
	GlobalSection(NestedProjects) = preSolution
		{517E2866-FD90-49DB-9789-648A91475B1C} = {F506A4DE-9E27-4D58-A356-F71D905DEC97}
		{38A62247-84AA-4BD1-B28F-2DC28036E0F5} = {7092C372-DEFF-42AC-BE18-EC38C7019012}
		{43B0051C-9B04-4808-84A4-3C987433671B} = {754C7108-70A3-4AAB-8E42-28E18544E563}
		{7F2B3234-FB9E-43FD-B797-38070810F3BF} = {F506A4DE-9E27-4D58-A356-F71D905DEC97}
		{B14063FD-58E4-4A71-87BE-09D5B9174C61} = {8118A572-76F4-47EA-ADF2-5878E03655F5}
		{DA9E78F7-CA68-494D-BD23-9340F9C52BCB} = {B14063FD-58E4-4A71-87BE-09D5B9174C61}
		{754C7108-70A3-4AAB-8E42-28E18544E563} = {B14063FD-58E4-4A71-87BE-09D5B9174C61}
		{391ED9B9-8ED4-4FFB-9D40-A26356F8E7F5} = {DAE449FB-0C33-425E-898F-990A21151CEB}
		{00513BBA-E447-4B81-9AD1-7DE63E117F38} = {DAE449FB-0C33-425E-898F-990A21151CEB}
		{FFFFAB2E-29D2-442B-A606-A113C59F8536} = {D7606588-DDFF-4ADB-8C0E-90B3A4A83234}
		{4FBCFEE7-4772-435B-BA5D-127E311AC9A6} = {8118A572-76F4-47EA-ADF2-5878E03655F5}
		{F506A4DE-9E27-4D58-A356-F71D905DEC97} = {8118A572-76F4-47EA-ADF2-5878E03655F5}
		{7092C372-DEFF-42AC-BE18-EC38C7019012} = {8118A572-76F4-47EA-ADF2-5878E03655F5}
		{DAE449FB-0C33-425E-898F-990A21151CEB} = {DA9E78F7-CA68-494D-BD23-9340F9C52BCB}
		{D7606588-DDFF-4ADB-8C0E-90B3A4A83234} = {DA9E78F7-CA68-494D-BD23-9340F9C52BCB}
		{7A3BFF74-09F7-47AA-9374-A2F5087A192F} = {D7606588-DDFF-4ADB-8C0E-90B3A4A83234}
		{A34B8616-B42A-43D0-80BF-484C7CBE96B3} = {7092C372-DEFF-42AC-BE18-EC38C7019012}
	EndGlobalSection
	GlobalSection(ExtensibilityGlobals) = postSolution
		SolutionGuid = {2D17C3DC-3280-4DB6-9286-6CB3443F51C3}
	EndGlobalSection
EndGlobal
