
Microsoft Visual Studio Solution File, Format Version 12.00
# Visual Studio Version 17
VisualStudioVersion = 17.5.33516.290
MinimumVisualStudioVersion = 10.0.40219.1
Project("{2150E333-8FDC-42A3-9474-1A3956D46DE8}") = "src", "src", "{8118A572-76F4-47EA-ADF2-5878E03655F5}"
EndProject
Project("{2150E333-8FDC-42A3-9474-1A3956D46DE8}") = "DotNetCore.Axess", "DotNetCore.Axess", "{6AF5E402-4A25-4D5A-8F3C-48F0BD34801A}"
EndProject
Project("{9A19103F-16F7-4668-BE54-9A1E7A4F7556}") = "Axess.Domain", "src\DotNetCore.Axess\Domain\DotNetCore.Axess.Domain\Axess.Domain.csproj", "{517E2866-FD90-49DB-9789-648A91475B1C}"
EndProject
Project("{9A19103F-16F7-4668-BE54-9A1E7A4F7556}") = "Axess.Infrastructure", "src\DotNetCore.Axess\Infrastructure\Infrastructure\Axess.Infrastructure.csproj", "{38A62247-84AA-4BD1-B28F-2DC28036E0F5}"
EndProject
Project("{9A19103F-16F7-4668-BE54-9A1E7A4F7556}") = "Axess.Results", "src\DotNetCore.Axess\Results\Axess.Results\Axess.Results.csproj", "{43B0051C-9B04-4808-84A4-3C987433671B}"
EndProject
Project("{9A19103F-16F7-4668-BE54-9A1E7A4F7556}") = "Axess.Validators", "src\DotNetCore.Axess\Validators\Axess.Validators\Axess.Validators.csproj", "{1339B1F7-F27C-4A04-B899-49FF64830FCE}"
EndProject
Project("{9A19103F-16F7-4668-BE54-9A1E7A4F7556}") = "ODataOpenApiExample", "src\ODataOpenApiExample\ODataOpenApiExample.csproj", "{C91CE120-08A5-4A43-80A8-CA86F3E36524}"
EndProject
Project("{9A19103F-16F7-4668-BE54-9A1E7A4F7556}") = "ODataMappingApi", "src\ODataMappingApi\ODataMappingApi\ODataMappingApi.csproj", "{E4363F7E-93D3-4DFC-9D3F-1C3D9FC9503E}"
EndProject
Project("{2150E333-8FDC-42A3-9474-1A3956D46DE8}") = "Infrastructure", "Infrastructure", "{499F191C-6A6E-4210-BDB5-9FAA80463276}"
EndProject
Project("{2150E333-8FDC-42A3-9474-1A3956D46DE8}") = "Presentation", "Presentation", "{A3C02224-9945-497D-B1B9-0044A22E2F6B}"
EndProject
Project("{2150E333-8FDC-42A3-9474-1A3956D46DE8}") = "Application", "Application", "{A53C417B-0544-4612-8AE2-C18D3B89C790}"
EndProject
Project("{2150E333-8FDC-42A3-9474-1A3956D46DE8}") = "Domain", "Domain", "{09DB4EDE-09F6-4443-A6F7-E0E21866D843}"
EndProject
Project("{9A19103F-16F7-4668-BE54-9A1E7A4F7556}") = "Axess.Application", "DotNetCore.Axess\Application\Axess.Application\Axess.Application.csproj", "{7F2B3234-FB9E-43FD-B797-38070810F3BF}"
EndProject
Global
	GlobalSection(SolutionConfigurationPlatforms) = preSolution
		Debug|Any CPU = Debug|Any CPU
		Release|Any CPU = Release|Any CPU
	EndGlobalSection
	GlobalSection(ProjectConfigurationPlatforms) = postSolution
		{517E2866-FD90-49DB-9789-648A91475B1C}.Debug|Any CPU.ActiveCfg = Debug|Any CPU
		{517E2866-FD90-49DB-9789-648A91475B1C}.Debug|Any CPU.Build.0 = Debug|Any CPU
		{517E2866-FD90-49DB-9789-648A91475B1C}.Release|Any CPU.ActiveCfg = Release|Any CPU
		{517E2866-FD90-49DB-9789-648A91475B1C}.Release|Any CPU.Build.0 = Release|Any CPU
		{38A62247-84AA-4BD1-B28F-2DC28036E0F5}.Debug|Any CPU.ActiveCfg = Debug|Any CPU
		{38A62247-84AA-4BD1-B28F-2DC28036E0F5}.Debug|Any CPU.Build.0 = Debug|Any CPU
		{38A62247-84AA-4BD1-B28F-2DC28036E0F5}.Release|Any CPU.ActiveCfg = Release|Any CPU
		{38A62247-84AA-4BD1-B28F-2DC28036E0F5}.Release|Any CPU.Build.0 = Release|Any CPU
		{43B0051C-9B04-4808-84A4-3C987433671B}.Debug|Any CPU.ActiveCfg = Debug|Any CPU
		{43B0051C-9B04-4808-84A4-3C987433671B}.Debug|Any CPU.Build.0 = Debug|Any CPU
		{43B0051C-9B04-4808-84A4-3C987433671B}.Release|Any CPU.ActiveCfg = Release|Any CPU
		{43B0051C-9B04-4808-84A4-3C987433671B}.Release|Any CPU.Build.0 = Release|Any CPU
		{1339B1F7-F27C-4A04-B899-49FF64830FCE}.Debug|Any CPU.ActiveCfg = Debug|Any CPU
		{1339B1F7-F27C-4A04-B899-49FF64830FCE}.Debug|Any CPU.Build.0 = Debug|Any CPU
		{1339B1F7-F27C-4A04-B899-49FF64830FCE}.Release|Any CPU.ActiveCfg = Release|Any CPU
		{1339B1F7-F27C-4A04-B899-49FF64830FCE}.Release|Any CPU.Build.0 = Release|Any CPU
		{C91CE120-08A5-4A43-80A8-CA86F3E36524}.Debug|Any CPU.ActiveCfg = Debug|Any CPU
		{C91CE120-08A5-4A43-80A8-CA86F3E36524}.Debug|Any CPU.Build.0 = Debug|Any CPU
		{C91CE120-08A5-4A43-80A8-CA86F3E36524}.Release|Any CPU.ActiveCfg = Release|Any CPU
		{C91CE120-08A5-4A43-80A8-CA86F3E36524}.Release|Any CPU.Build.0 = Release|Any CPU
		{E4363F7E-93D3-4DFC-9D3F-1C3D9FC9503E}.Debug|Any CPU.ActiveCfg = Debug|Any CPU
		{E4363F7E-93D3-4DFC-9D3F-1C3D9FC9503E}.Debug|Any CPU.Build.0 = Debug|Any CPU
		{E4363F7E-93D3-4DFC-9D3F-1C3D9FC9503E}.Release|Any CPU.ActiveCfg = Release|Any CPU
		{E4363F7E-93D3-4DFC-9D3F-1C3D9FC9503E}.Release|Any CPU.Build.0 = Release|Any CPU
		{7F2B3234-FB9E-43FD-B797-38070810F3BF}.Debug|Any CPU.ActiveCfg = Debug|Any CPU
		{7F2B3234-FB9E-43FD-B797-38070810F3BF}.Debug|Any CPU.Build.0 = Debug|Any CPU
		{7F2B3234-FB9E-43FD-B797-38070810F3BF}.Release|Any CPU.ActiveCfg = Release|Any CPU
		{7F2B3234-FB9E-43FD-B797-38070810F3BF}.Release|Any CPU.Build.0 = Release|Any CPU
	EndGlobalSection
	GlobalSection(SolutionProperties) = preSolution
		HideSolutionNode = FALSE
	EndGlobalSection
	GlobalSection(NestedProjects) = preSolution
		{6AF5E402-4A25-4D5A-8F3C-48F0BD34801A} = {8118A572-76F4-47EA-ADF2-5878E03655F5}
		{517E2866-FD90-49DB-9789-648A91475B1C} = {09DB4EDE-09F6-4443-A6F7-E0E21866D843}
		{38A62247-84AA-4BD1-B28F-2DC28036E0F5} = {499F191C-6A6E-4210-BDB5-9FAA80463276}
		{43B0051C-9B04-4808-84A4-3C987433671B} = {6AF5E402-4A25-4D5A-8F3C-48F0BD34801A}
		{1339B1F7-F27C-4A04-B899-49FF64830FCE} = {6AF5E402-4A25-4D5A-8F3C-48F0BD34801A}
		{C91CE120-08A5-4A43-80A8-CA86F3E36524} = {A3C02224-9945-497D-B1B9-0044A22E2F6B}
		{E4363F7E-93D3-4DFC-9D3F-1C3D9FC9503E} = {A3C02224-9945-497D-B1B9-0044A22E2F6B}
		{499F191C-6A6E-4210-BDB5-9FAA80463276} = {8118A572-76F4-47EA-ADF2-5878E03655F5}
		{A3C02224-9945-497D-B1B9-0044A22E2F6B} = {8118A572-76F4-47EA-ADF2-5878E03655F5}
		{A53C417B-0544-4612-8AE2-C18D3B89C790} = {6AF5E402-4A25-4D5A-8F3C-48F0BD34801A}
		{09DB4EDE-09F6-4443-A6F7-E0E21866D843} = {6AF5E402-4A25-4D5A-8F3C-48F0BD34801A}
		{7F2B3234-FB9E-43FD-B797-38070810F3BF} = {A53C417B-0544-4612-8AE2-C18D3B89C790}
	EndGlobalSection
	GlobalSection(ExtensibilityGlobals) = postSolution
		SolutionGuid = {2D17C3DC-3280-4DB6-9286-6CB3443F51C3}
	EndGlobalSection
EndGlobal
