
Microsoft Visual Studio Solution File, Format Version 12.00
# Visual Studio Version 17
VisualStudioVersion = 17.5.33502.453
MinimumVisualStudioVersion = 10.0.40219.1
Project("{9A19103F-16F7-4668-BE54-9A1E7A4F7556}") = "ODataOpenApiExample", "ODataOpenApiExample.csproj", "{275A83A6-FE22-4FBB-BFCA-7C4A908F2288}"
EndProject
Project("{2150E333-8FDC-42A3-9474-1A3956D46DE8}") = "src", "src", "{E221EF71-C377-49B9-8AE4-F92655DF5D93}"
EndProject
Project("{2150E333-8FDC-42A3-9474-1A3956D46DE8}") = "DotNetCore.Axess", "DotNetCore.Axess", "{764625B1-07C3-4E85-89AD-67D97863FF55}"
EndProject
Project("{9A19103F-16F7-4668-BE54-9A1E7A4F7556}") = "ODataMappingApi", "ODataMappingApi\ODataMappingApi\ODataMappingApi.csproj", "{B221431E-D01D-4A9E-BFED-D7881E6CC6C0}"
EndProject
Project("{9A19103F-16F7-4668-BE54-9A1E7A4F7556}") = "Axess.Domain", "DotNetCore.Axess\Domain\Axess.Domain\Axess.Domain.csproj", "{D7A069D4-2550-4419-936E-78ACCAECE9D2}"
EndProject
Project("{9A19103F-16F7-4668-BE54-9A1E7A4F7556}") = "Axess.Entities", "DotNetCore.Axess\Entities\DotNetCore.Axess.Entities\Axess.Entities.csproj", "{E57B4FB7-3551-4E14-BBD7-7737205E8325}"
EndProject
Project("{9A19103F-16F7-4668-BE54-9A1E7A4F7556}") = "Axess.Models", "DotNetCore.Axess\Models\Axess.Domain\Axess.Models.csproj", "{044A5FB8-BA9C-42DE-8EB7-B8B871AEE714}"
EndProject
Project("{9A19103F-16F7-4668-BE54-9A1E7A4F7556}") = "Axess.Shared", "DotNetCore.Axess\Shared\Axess.Shared\Axess.Shared.csproj", "{BDB079DF-DCD8-4EBF-A241-1FB29EF1F54A}"
EndProject
Project("{9A19103F-16F7-4668-BE54-9A1E7A4F7556}") = "Axess.Validators", "DotNetCore.Axess\Validators\Axess.Validators\Axess.Validators.csproj", "{F306729B-949F-4EE9-853F-FCD5189049D2}"
EndProject
Project("{9A19103F-16F7-4668-BE54-9A1E7A4F7556}") = "Axess.Mapping", "DotNetCore.Axess\Mapping\Axess.Mapping\Axess.Mapping.csproj", "{61F74713-8CF2-4A69-9568-75B5531F671B}"
EndProject
Project("{9A19103F-16F7-4668-BE54-9A1E7A4F7556}") = "Axess.Infrastructure", "DotNetCore.Axess\Infrastructure\Axess.Infrastructure\Axess.Infrastructure.csproj", "{DED6B31A-71E9-4894-A745-46DDE2CBC46D}"
EndProject
Global
	GlobalSection(SolutionConfigurationPlatforms) = preSolution
		Debug|Any CPU = Debug|Any CPU
		Release|Any CPU = Release|Any CPU
	EndGlobalSection
	GlobalSection(ProjectConfigurationPlatforms) = postSolution
		{275A83A6-FE22-4FBB-BFCA-7C4A908F2288}.Debug|Any CPU.ActiveCfg = Debug|Any CPU
		{275A83A6-FE22-4FBB-BFCA-7C4A908F2288}.Debug|Any CPU.Build.0 = Debug|Any CPU
		{275A83A6-FE22-4FBB-BFCA-7C4A908F2288}.Release|Any CPU.ActiveCfg = Release|Any CPU
		{275A83A6-FE22-4FBB-BFCA-7C4A908F2288}.Release|Any CPU.Build.0 = Release|Any CPU
		{B221431E-D01D-4A9E-BFED-D7881E6CC6C0}.Debug|Any CPU.ActiveCfg = Debug|Any CPU
		{B221431E-D01D-4A9E-BFED-D7881E6CC6C0}.Debug|Any CPU.Build.0 = Debug|Any CPU
		{B221431E-D01D-4A9E-BFED-D7881E6CC6C0}.Release|Any CPU.ActiveCfg = Release|Any CPU
		{B221431E-D01D-4A9E-BFED-D7881E6CC6C0}.Release|Any CPU.Build.0 = Release|Any CPU
		{D7A069D4-2550-4419-936E-78ACCAECE9D2}.Debug|Any CPU.ActiveCfg = Debug|Any CPU
		{D7A069D4-2550-4419-936E-78ACCAECE9D2}.Debug|Any CPU.Build.0 = Debug|Any CPU
		{D7A069D4-2550-4419-936E-78ACCAECE9D2}.Release|Any CPU.ActiveCfg = Release|Any CPU
		{D7A069D4-2550-4419-936E-78ACCAECE9D2}.Release|Any CPU.Build.0 = Release|Any CPU
		{E57B4FB7-3551-4E14-BBD7-7737205E8325}.Debug|Any CPU.ActiveCfg = Debug|Any CPU
		{E57B4FB7-3551-4E14-BBD7-7737205E8325}.Debug|Any CPU.Build.0 = Debug|Any CPU
		{E57B4FB7-3551-4E14-BBD7-7737205E8325}.Release|Any CPU.ActiveCfg = Release|Any CPU
		{E57B4FB7-3551-4E14-BBD7-7737205E8325}.Release|Any CPU.Build.0 = Release|Any CPU
		{044A5FB8-BA9C-42DE-8EB7-B8B871AEE714}.Debug|Any CPU.ActiveCfg = Debug|Any CPU
		{044A5FB8-BA9C-42DE-8EB7-B8B871AEE714}.Debug|Any CPU.Build.0 = Debug|Any CPU
		{044A5FB8-BA9C-42DE-8EB7-B8B871AEE714}.Release|Any CPU.ActiveCfg = Release|Any CPU
		{044A5FB8-BA9C-42DE-8EB7-B8B871AEE714}.Release|Any CPU.Build.0 = Release|Any CPU
		{BDB079DF-DCD8-4EBF-A241-1FB29EF1F54A}.Debug|Any CPU.ActiveCfg = Debug|Any CPU
		{BDB079DF-DCD8-4EBF-A241-1FB29EF1F54A}.Debug|Any CPU.Build.0 = Debug|Any CPU
		{BDB079DF-DCD8-4EBF-A241-1FB29EF1F54A}.Release|Any CPU.ActiveCfg = Release|Any CPU
		{BDB079DF-DCD8-4EBF-A241-1FB29EF1F54A}.Release|Any CPU.Build.0 = Release|Any CPU
		{F306729B-949F-4EE9-853F-FCD5189049D2}.Debug|Any CPU.ActiveCfg = Debug|Any CPU
		{F306729B-949F-4EE9-853F-FCD5189049D2}.Debug|Any CPU.Build.0 = Debug|Any CPU
		{F306729B-949F-4EE9-853F-FCD5189049D2}.Release|Any CPU.ActiveCfg = Release|Any CPU
		{F306729B-949F-4EE9-853F-FCD5189049D2}.Release|Any CPU.Build.0 = Release|Any CPU
		{61F74713-8CF2-4A69-9568-75B5531F671B}.Debug|Any CPU.ActiveCfg = Debug|Any CPU
		{61F74713-8CF2-4A69-9568-75B5531F671B}.Debug|Any CPU.Build.0 = Debug|Any CPU
		{61F74713-8CF2-4A69-9568-75B5531F671B}.Release|Any CPU.ActiveCfg = Release|Any CPU
		{61F74713-8CF2-4A69-9568-75B5531F671B}.Release|Any CPU.Build.0 = Release|Any CPU
		{DED6B31A-71E9-4894-A745-46DDE2CBC46D}.Debug|Any CPU.ActiveCfg = Debug|Any CPU
		{DED6B31A-71E9-4894-A745-46DDE2CBC46D}.Debug|Any CPU.Build.0 = Debug|Any CPU
		{DED6B31A-71E9-4894-A745-46DDE2CBC46D}.Release|Any CPU.ActiveCfg = Release|Any CPU
		{DED6B31A-71E9-4894-A745-46DDE2CBC46D}.Release|Any CPU.Build.0 = Release|Any CPU
	EndGlobalSection
	GlobalSection(SolutionProperties) = preSolution
		HideSolutionNode = FALSE
	EndGlobalSection
	GlobalSection(NestedProjects) = preSolution
		{764625B1-07C3-4E85-89AD-67D97863FF55} = {E221EF71-C377-49B9-8AE4-F92655DF5D93}
		{B221431E-D01D-4A9E-BFED-D7881E6CC6C0} = {764625B1-07C3-4E85-89AD-67D97863FF55}
		{D7A069D4-2550-4419-936E-78ACCAECE9D2} = {764625B1-07C3-4E85-89AD-67D97863FF55}
		{E57B4FB7-3551-4E14-BBD7-7737205E8325} = {764625B1-07C3-4E85-89AD-67D97863FF55}
		{044A5FB8-BA9C-42DE-8EB7-B8B871AEE714} = {764625B1-07C3-4E85-89AD-67D97863FF55}
		{BDB079DF-DCD8-4EBF-A241-1FB29EF1F54A} = {764625B1-07C3-4E85-89AD-67D97863FF55}
		{F306729B-949F-4EE9-853F-FCD5189049D2} = {764625B1-07C3-4E85-89AD-67D97863FF55}
		{61F74713-8CF2-4A69-9568-75B5531F671B} = {764625B1-07C3-4E85-89AD-67D97863FF55}
		{DED6B31A-71E9-4894-A745-46DDE2CBC46D} = {764625B1-07C3-4E85-89AD-67D97863FF55}
	EndGlobalSection
	GlobalSection(ExtensibilityGlobals) = postSolution
		SolutionGuid = {11F9F6D2-8FC0-48CD-A53D-58EDCC1A432E}
	EndGlobalSection
EndGlobal
